
Microsoft Visual Studio Solution File, Format Version 12.00
# Visual Studio Version 17
VisualStudioVersion = 17.8.34408.163
MinimumVisualStudioVersion = 10.0.40219.1
Project("{FAE04EC0-301F-11D3-BF4B-00C04F79EFBC}") = "ExtraVert", "ExtraVert\ExtraVert.csproj", "{6667DB79-CCDD-45F8-A6AE-DAFC07097D99}"
EndProject
Global
	GlobalSection(SolutionConfigurationPlatforms) = preSolution
		Debug|Any CPU = Debug|Any CPU
		Release|Any CPU = Release|Any CPU
	EndGlobalSection
	GlobalSection(ProjectConfigurationPlatforms) = postSolution
		{6667DB79-CCDD-45F8-A6AE-DAFC07097D99}.Debug|Any CPU.ActiveCfg = Debug|Any CPU
		{6667DB79-CCDD-45F8-A6AE-DAFC07097D99}.Debug|Any CPU.Build.0 = Debug|Any CPU
		{6667DB79-CCDD-45F8-A6AE-DAFC07097D99}.Release|Any CPU.ActiveCfg = Release|Any CPU
		{6667DB79-CCDD-45F8-A6AE-DAFC07097D99}.Release|Any CPU.Build.0 = Release|Any CPU
	EndGlobalSection
	GlobalSection(SolutionProperties) = preSolution
		HideSolutionNode = FALSE
	EndGlobalSection
	GlobalSection(ExtensibilityGlobals) = postSolution
		SolutionGuid = {0613E32E-461C-453A-A2E2-895DF92AA8E0}
	EndGlobalSection
EndGlobal
